
Microsoft Visual Studio Solution File, Format Version 12.00
# Visual Studio 15
VisualStudioVersion = 15.0.26124.0
MinimumVisualStudioVersion = 15.0.26124.0
Project("{FAE04EC0-301F-11D3-BF4B-00C04F79EFBC}") = "GameOfLife.Tests", "GameOfLife.Tests\GameOfLife.Tests.csproj", "{EA894BBA-AB69-4A18-BF52-96B5F1898106}"
EndProject
Project("{FAE04EC0-301F-11D3-BF4B-00C04F79EFBC}") = "GameOfLife.Logic", "GameOfLife.Logic\GameOfLife.Logic.csproj", "{E2D4DBA8-C4AD-4DD4-B482-479DC8FDAAA3}"
EndProject
Project("{FAE04EC0-301F-11D3-BF4B-00C04F79EFBC}") = "GameOfLife.Console", "GameOfLife.Console\GameOfLife.Console.csproj", "{8B94873A-B04B-476F-B3D9-2B69C045D12D}"
EndProject
Global
	GlobalSection(SolutionConfigurationPlatforms) = preSolution
		Debug|Any CPU = Debug|Any CPU
		Debug|x64 = Debug|x64
		Debug|x86 = Debug|x86
		Release|Any CPU = Release|Any CPU
		Release|x64 = Release|x64
		Release|x86 = Release|x86
	EndGlobalSection
	GlobalSection(SolutionProperties) = preSolution
		HideSolutionNode = FALSE
	EndGlobalSection
	GlobalSection(ProjectConfigurationPlatforms) = postSolution
		{EA894BBA-AB69-4A18-BF52-96B5F1898106}.Debug|Any CPU.ActiveCfg = Debug|Any CPU
		{EA894BBA-AB69-4A18-BF52-96B5F1898106}.Debug|Any CPU.Build.0 = Debug|Any CPU
		{EA894BBA-AB69-4A18-BF52-96B5F1898106}.Debug|x64.ActiveCfg = Debug|Any CPU
		{EA894BBA-AB69-4A18-BF52-96B5F1898106}.Debug|x64.Build.0 = Debug|Any CPU
		{EA894BBA-AB69-4A18-BF52-96B5F1898106}.Debug|x86.ActiveCfg = Debug|Any CPU
		{EA894BBA-AB69-4A18-BF52-96B5F1898106}.Debug|x86.Build.0 = Debug|Any CPU
		{EA894BBA-AB69-4A18-BF52-96B5F1898106}.Release|Any CPU.ActiveCfg = Release|Any CPU
		{EA894BBA-AB69-4A18-BF52-96B5F1898106}.Release|Any CPU.Build.0 = Release|Any CPU
		{EA894BBA-AB69-4A18-BF52-96B5F1898106}.Release|x64.ActiveCfg = Release|Any CPU
		{EA894BBA-AB69-4A18-BF52-96B5F1898106}.Release|x64.Build.0 = Release|Any CPU
		{EA894BBA-AB69-4A18-BF52-96B5F1898106}.Release|x86.ActiveCfg = Release|Any CPU
		{EA894BBA-AB69-4A18-BF52-96B5F1898106}.Release|x86.Build.0 = Release|Any CPU
		{E2D4DBA8-C4AD-4DD4-B482-479DC8FDAAA3}.Debug|Any CPU.ActiveCfg = Debug|Any CPU
		{E2D4DBA8-C4AD-4DD4-B482-479DC8FDAAA3}.Debug|Any CPU.Build.0 = Debug|Any CPU
		{E2D4DBA8-C4AD-4DD4-B482-479DC8FDAAA3}.Debug|x64.ActiveCfg = Debug|Any CPU
		{E2D4DBA8-C4AD-4DD4-B482-479DC8FDAAA3}.Debug|x64.Build.0 = Debug|Any CPU
		{E2D4DBA8-C4AD-4DD4-B482-479DC8FDAAA3}.Debug|x86.ActiveCfg = Debug|Any CPU
		{E2D4DBA8-C4AD-4DD4-B482-479DC8FDAAA3}.Debug|x86.Build.0 = Debug|Any CPU
		{E2D4DBA8-C4AD-4DD4-B482-479DC8FDAAA3}.Release|Any CPU.ActiveCfg = Release|Any CPU
		{E2D4DBA8-C4AD-4DD4-B482-479DC8FDAAA3}.Release|Any CPU.Build.0 = Release|Any CPU
		{E2D4DBA8-C4AD-4DD4-B482-479DC8FDAAA3}.Release|x64.ActiveCfg = Release|Any CPU
		{E2D4DBA8-C4AD-4DD4-B482-479DC8FDAAA3}.Release|x64.Build.0 = Release|Any CPU
		{E2D4DBA8-C4AD-4DD4-B482-479DC8FDAAA3}.Release|x86.ActiveCfg = Release|Any CPU
		{E2D4DBA8-C4AD-4DD4-B482-479DC8FDAAA3}.Release|x86.Build.0 = Release|Any CPU
		{8B94873A-B04B-476F-B3D9-2B69C045D12D}.Debug|Any CPU.ActiveCfg = Debug|Any CPU
		{8B94873A-B04B-476F-B3D9-2B69C045D12D}.Debug|Any CPU.Build.0 = Debug|Any CPU
		{8B94873A-B04B-476F-B3D9-2B69C045D12D}.Debug|x64.ActiveCfg = Debug|Any CPU
		{8B94873A-B04B-476F-B3D9-2B69C045D12D}.Debug|x64.Build.0 = Debug|Any CPU
		{8B94873A-B04B-476F-B3D9-2B69C045D12D}.Debug|x86.ActiveCfg = Debug|Any CPU
		{8B94873A-B04B-476F-B3D9-2B69C045D12D}.Debug|x86.Build.0 = Debug|Any CPU
		{8B94873A-B04B-476F-B3D9-2B69C045D12D}.Release|Any CPU.ActiveCfg = Release|Any CPU
		{8B94873A-B04B-476F-B3D9-2B69C045D12D}.Release|Any CPU.Build.0 = Release|Any CPU
		{8B94873A-B04B-476F-B3D9-2B69C045D12D}.Release|x64.ActiveCfg = Release|Any CPU
		{8B94873A-B04B-476F-B3D9-2B69C045D12D}.Release|x64.Build.0 = Release|Any CPU
		{8B94873A-B04B-476F-B3D9-2B69C045D12D}.Release|x86.ActiveCfg = Release|Any CPU
		{8B94873A-B04B-476F-B3D9-2B69C045D12D}.Release|x86.Build.0 = Release|Any CPU
	EndGlobalSection
EndGlobal
